
Microsoft Visual Studio Solution File, Format Version 12.00
# Visual Studio Version 16
VisualStudioVersion = 16.0.31515.178
MinimumVisualStudioVersion = 10.0.40219.1
Project("{FAE04EC0-301F-11D3-BF4B-00C04F79EFBC}") = "Bar.Domain", "src\Bar.Domain\Bar.Domain.csproj", "{D0C78FC6-200C-43C3-B5AE-918BF546A2E6}"
EndProject
Project("{FAE04EC0-301F-11D3-BF4B-00C04F79EFBC}") = "Bar.Data", "src\Bar.Data\Bar.Data.csproj", "{B6E9FA4C-ED54-4A3A-AE33-2E72636B21A4}"
EndProject
Global
	GlobalSection(SolutionConfigurationPlatforms) = preSolution
		Debug|Any CPU = Debug|Any CPU
		Release|Any CPU = Release|Any CPU
	EndGlobalSection
	GlobalSection(ProjectConfigurationPlatforms) = postSolution
		{D0C78FC6-200C-43C3-B5AE-918BF546A2E6}.Debug|Any CPU.ActiveCfg = Debug|Any CPU
		{D0C78FC6-200C-43C3-B5AE-918BF546A2E6}.Debug|Any CPU.Build.0 = Debug|Any CPU
		{D0C78FC6-200C-43C3-B5AE-918BF546A2E6}.Release|Any CPU.ActiveCfg = Release|Any CPU
		{D0C78FC6-200C-43C3-B5AE-918BF546A2E6}.Release|Any CPU.Build.0 = Release|Any CPU
		{B6E9FA4C-ED54-4A3A-AE33-2E72636B21A4}.Debug|Any CPU.ActiveCfg = Debug|Any CPU
		{B6E9FA4C-ED54-4A3A-AE33-2E72636B21A4}.Debug|Any CPU.Build.0 = Debug|Any CPU
		{B6E9FA4C-ED54-4A3A-AE33-2E72636B21A4}.Release|Any CPU.ActiveCfg = Release|Any CPU
		{B6E9FA4C-ED54-4A3A-AE33-2E72636B21A4}.Release|Any CPU.Build.0 = Release|Any CPU
	EndGlobalSection
	GlobalSection(SolutionProperties) = preSolution
		HideSolutionNode = FALSE
	EndGlobalSection
	GlobalSection(ExtensibilityGlobals) = postSolution
		SolutionGuid = {12290AB7-6A86-4182-99D6-0984D8241712}
	EndGlobalSection
EndGlobal
